
Microsoft Visual Studio Solution File, Format Version 12.00
# Visual Studio Version 17
VisualStudioVersion = 17.8.34112.27
MinimumVisualStudioVersion = 10.0.40219.1
Project("{9A19103F-16F7-4668-BE54-9A1E7A4F7556}") = "MyAppartment.Maui", "MyAppartment.Maui\MyAppartment.Maui.csproj", "{7342363F-B996-404D-A4EC-D425D8475A74}"
EndProject
Project("{9A19103F-16F7-4668-BE54-9A1E7A4F7556}") = "MyAppartment.Library", "MyAppartment.Library\MyAppartment.Library.csproj", "{8782386C-EC3C-4841-A389-4E221BF4B4B8}"
EndProject
Project("{9A19103F-16F7-4668-BE54-9A1E7A4F7556}") = "MyAppartment.BlazorServer", "MyAppartment.BlazorServer\MyAppartment.BlazorServer.csproj", "{7436742B-CBDE-435A-875A-09645FF1DA72}"
EndProject
Global
	GlobalSection(SolutionConfigurationPlatforms) = preSolution
		Debug|Any CPU = Debug|Any CPU
		Release|Any CPU = Release|Any CPU
	EndGlobalSection
	GlobalSection(ProjectConfigurationPlatforms) = postSolution
		{7342363F-B996-404D-A4EC-D425D8475A74}.Debug|Any CPU.ActiveCfg = Debug|Any CPU
		{7342363F-B996-404D-A4EC-D425D8475A74}.Debug|Any CPU.Build.0 = Debug|Any CPU
		{7342363F-B996-404D-A4EC-D425D8475A74}.Debug|Any CPU.Deploy.0 = Debug|Any CPU
		{7342363F-B996-404D-A4EC-D425D8475A74}.Release|Any CPU.ActiveCfg = Release|Any CPU
		{7342363F-B996-404D-A4EC-D425D8475A74}.Release|Any CPU.Build.0 = Release|Any CPU
		{7342363F-B996-404D-A4EC-D425D8475A74}.Release|Any CPU.Deploy.0 = Release|Any CPU
		{8782386C-EC3C-4841-A389-4E221BF4B4B8}.Debug|Any CPU.ActiveCfg = Debug|Any CPU
		{8782386C-EC3C-4841-A389-4E221BF4B4B8}.Debug|Any CPU.Build.0 = Debug|Any CPU
		{8782386C-EC3C-4841-A389-4E221BF4B4B8}.Release|Any CPU.ActiveCfg = Release|Any CPU
		{8782386C-EC3C-4841-A389-4E221BF4B4B8}.Release|Any CPU.Build.0 = Release|Any CPU
		{7436742B-CBDE-435A-875A-09645FF1DA72}.Debug|Any CPU.ActiveCfg = Debug|Any CPU
		{7436742B-CBDE-435A-875A-09645FF1DA72}.Debug|Any CPU.Build.0 = Debug|Any CPU
		{7436742B-CBDE-435A-875A-09645FF1DA72}.Release|Any CPU.ActiveCfg = Release|Any CPU
		{7436742B-CBDE-435A-875A-09645FF1DA72}.Release|Any CPU.Build.0 = Release|Any CPU
	EndGlobalSection
	GlobalSection(SolutionProperties) = preSolution
		HideSolutionNode = FALSE
	EndGlobalSection
	GlobalSection(ExtensibilityGlobals) = postSolution
		SolutionGuid = {B7691D90-E55F-4CAA-A4D5-002673A87E12}
	EndGlobalSection
EndGlobal
